
Microsoft Visual Studio Solution File, Format Version 12.00
# Visual Studio Version 16
VisualStudioVersion = 16.0.29009.5
MinimumVisualStudioVersion = 10.0.40219.1
Project("{FAE04EC0-301F-11D3-BF4B-00C04F79EFBC}") = "VirtualCOMPortApp", "VirtualCOMPortApp\VirtualCOMPortApp.csproj", "{3C3FA7E7-04A9-41AF-A5CF-C8B3DF395E92}"
EndProject
Project("{2150E333-8FDC-42A3-9474-1A3956D46DE8}") = "Solution Items", "Solution Items", "{FA8F0B5E-675F-4136-97B9-B2A57D2D9E93}"
	ProjectSection(SolutionItems) = preProject
		LICENSE.txt = LICENSE.txt
	EndProjectSection
EndProject
Project("{C7167F0D-BC9F-4E6E-AFE1-012C56B48DB5}") = "VirtualCOMPortApp.Package", "VirtualCOMPortApp.Package\VirtualCOMPortApp.Package.wapproj", "{0F1F7199-D9EB-4479-A3E3-8AD9B6E259B4}"
EndProject
Project("{FAE04EC0-301F-11D3-BF4B-00C04F79EFBC}") = "VirtualCOMPortApp.Win32", "VirtualCOMPortApp.Win32\VirtualCOMPortApp.Win32.csproj", "{09CCA396-7884-4DD9-9D60-AA6F483A28DA}"
EndProject
Global
	GlobalSection(SolutionConfigurationPlatforms) = preSolution
		Debug|Any CPU = Debug|Any CPU
		Debug|ARM = Debug|ARM
		Debug|ARM64 = Debug|ARM64
		Debug|x64 = Debug|x64
		Debug|x86 = Debug|x86
		Release|Any CPU = Release|Any CPU
		Release|ARM = Release|ARM
		Release|ARM64 = Release|ARM64
		Release|x64 = Release|x64
		Release|x86 = Release|x86
	EndGlobalSection
	GlobalSection(ProjectConfigurationPlatforms) = postSolution
		{3C3FA7E7-04A9-41AF-A5CF-C8B3DF395E92}.Debug|Any CPU.ActiveCfg = Debug|x86
		{3C3FA7E7-04A9-41AF-A5CF-C8B3DF395E92}.Debug|ARM.ActiveCfg = Debug|ARM
		{3C3FA7E7-04A9-41AF-A5CF-C8B3DF395E92}.Debug|ARM.Build.0 = Debug|ARM
		{3C3FA7E7-04A9-41AF-A5CF-C8B3DF395E92}.Debug|ARM.Deploy.0 = Debug|ARM
		{3C3FA7E7-04A9-41AF-A5CF-C8B3DF395E92}.Debug|ARM64.ActiveCfg = Debug|ARM64
		{3C3FA7E7-04A9-41AF-A5CF-C8B3DF395E92}.Debug|ARM64.Build.0 = Debug|ARM64
		{3C3FA7E7-04A9-41AF-A5CF-C8B3DF395E92}.Debug|ARM64.Deploy.0 = Debug|ARM64
		{3C3FA7E7-04A9-41AF-A5CF-C8B3DF395E92}.Debug|x64.ActiveCfg = Debug|x64
		{3C3FA7E7-04A9-41AF-A5CF-C8B3DF395E92}.Debug|x64.Build.0 = Debug|x64
		{3C3FA7E7-04A9-41AF-A5CF-C8B3DF395E92}.Debug|x64.Deploy.0 = Debug|x64
		{3C3FA7E7-04A9-41AF-A5CF-C8B3DF395E92}.Debug|x86.ActiveCfg = Debug|x86
		{3C3FA7E7-04A9-41AF-A5CF-C8B3DF395E92}.Debug|x86.Build.0 = Debug|x86
		{3C3FA7E7-04A9-41AF-A5CF-C8B3DF395E92}.Debug|x86.Deploy.0 = Debug|x86
		{3C3FA7E7-04A9-41AF-A5CF-C8B3DF395E92}.Release|Any CPU.ActiveCfg = Release|x86
		{3C3FA7E7-04A9-41AF-A5CF-C8B3DF395E92}.Release|ARM.ActiveCfg = Release|ARM
		{3C3FA7E7-04A9-41AF-A5CF-C8B3DF395E92}.Release|ARM.Build.0 = Release|ARM
		{3C3FA7E7-04A9-41AF-A5CF-C8B3DF395E92}.Release|ARM.Deploy.0 = Release|ARM
		{3C3FA7E7-04A9-41AF-A5CF-C8B3DF395E92}.Release|ARM64.ActiveCfg = Release|ARM64
		{3C3FA7E7-04A9-41AF-A5CF-C8B3DF395E92}.Release|ARM64.Build.0 = Release|ARM64
		{3C3FA7E7-04A9-41AF-A5CF-C8B3DF395E92}.Release|ARM64.Deploy.0 = Release|ARM64
		{3C3FA7E7-04A9-41AF-A5CF-C8B3DF395E92}.Release|x64.ActiveCfg = Release|x64
		{3C3FA7E7-04A9-41AF-A5CF-C8B3DF395E92}.Release|x64.Build.0 = Release|x64
		{3C3FA7E7-04A9-41AF-A5CF-C8B3DF395E92}.Release|x64.Deploy.0 = Release|x64
		{3C3FA7E7-04A9-41AF-A5CF-C8B3DF395E92}.Release|x86.ActiveCfg = Release|x86
		{3C3FA7E7-04A9-41AF-A5CF-C8B3DF395E92}.Release|x86.Build.0 = Release|x86
		{3C3FA7E7-04A9-41AF-A5CF-C8B3DF395E92}.Release|x86.Deploy.0 = Release|x86
		{0F1F7199-D9EB-4479-A3E3-8AD9B6E259B4}.Debug|Any CPU.ActiveCfg = Debug|Any CPU
		{0F1F7199-D9EB-4479-A3E3-8AD9B6E259B4}.Debug|Any CPU.Build.0 = Debug|Any CPU
		{0F1F7199-D9EB-4479-A3E3-8AD9B6E259B4}.Debug|Any CPU.Deploy.0 = Debug|Any CPU
		{0F1F7199-D9EB-4479-A3E3-8AD9B6E259B4}.Debug|ARM.ActiveCfg = Debug|ARM
		{0F1F7199-D9EB-4479-A3E3-8AD9B6E259B4}.Debug|ARM.Build.0 = Debug|ARM
		{0F1F7199-D9EB-4479-A3E3-8AD9B6E259B4}.Debug|ARM.Deploy.0 = Debug|ARM
		{0F1F7199-D9EB-4479-A3E3-8AD9B6E259B4}.Debug|ARM64.ActiveCfg = Debug|ARM64
		{0F1F7199-D9EB-4479-A3E3-8AD9B6E259B4}.Debug|ARM64.Build.0 = Debug|ARM64
		{0F1F7199-D9EB-4479-A3E3-8AD9B6E259B4}.Debug|ARM64.Deploy.0 = Debug|ARM64
		{0F1F7199-D9EB-4479-A3E3-8AD9B6E259B4}.Debug|x64.ActiveCfg = Debug|x64
		{0F1F7199-D9EB-4479-A3E3-8AD9B6E259B4}.Debug|x64.Build.0 = Debug|x64
		{0F1F7199-D9EB-4479-A3E3-8AD9B6E259B4}.Debug|x64.Deploy.0 = Debug|x64
		{0F1F7199-D9EB-4479-A3E3-8AD9B6E259B4}.Debug|x86.ActiveCfg = Debug|x86
		{0F1F7199-D9EB-4479-A3E3-8AD9B6E259B4}.Debug|x86.Build.0 = Debug|x86
		{0F1F7199-D9EB-4479-A3E3-8AD9B6E259B4}.Debug|x86.Deploy.0 = Debug|x86
		{0F1F7199-D9EB-4479-A3E3-8AD9B6E259B4}.Release|Any CPU.ActiveCfg = Release|Any CPU
		{0F1F7199-D9EB-4479-A3E3-8AD9B6E259B4}.Release|Any CPU.Build.0 = Release|Any CPU
		{0F1F7199-D9EB-4479-A3E3-8AD9B6E259B4}.Release|Any CPU.Deploy.0 = Release|Any CPU
		{0F1F7199-D9EB-4479-A3E3-8AD9B6E259B4}.Release|ARM.ActiveCfg = Release|ARM
		{0F1F7199-D9EB-4479-A3E3-8AD9B6E259B4}.Release|ARM.Build.0 = Release|ARM
		{0F1F7199-D9EB-4479-A3E3-8AD9B6E259B4}.Release|ARM.Deploy.0 = Release|ARM
		{0F1F7199-D9EB-4479-A3E3-8AD9B6E259B4}.Release|ARM64.ActiveCfg = Release|ARM64
		{0F1F7199-D9EB-4479-A3E3-8AD9B6E259B4}.Release|ARM64.Build.0 = Release|ARM64
		{0F1F7199-D9EB-4479-A3E3-8AD9B6E259B4}.Release|ARM64.Deploy.0 = Release|ARM64
		{0F1F7199-D9EB-4479-A3E3-8AD9B6E259B4}.Release|x64.ActiveCfg = Release|x64
		{0F1F7199-D9EB-4479-A3E3-8AD9B6E259B4}.Release|x64.Build.0 = Release|x64
		{0F1F7199-D9EB-4479-A3E3-8AD9B6E259B4}.Release|x64.Deploy.0 = Release|x64
		{0F1F7199-D9EB-4479-A3E3-8AD9B6E259B4}.Release|x86.ActiveCfg = Release|x86
		{0F1F7199-D9EB-4479-A3E3-8AD9B6E259B4}.Release|x86.Build.0 = Release|x86
		{0F1F7199-D9EB-4479-A3E3-8AD9B6E259B4}.Release|x86.Deploy.0 = Release|x86
		{09CCA396-7884-4DD9-9D60-AA6F483A28DA}.Debug|Any CPU.ActiveCfg = Debug|Any CPU
		{09CCA396-7884-4DD9-9D60-AA6F483A28DA}.Debug|Any CPU.Build.0 = Debug|Any CPU
		{09CCA396-7884-4DD9-9D60-AA6F483A28DA}.Debug|ARM.ActiveCfg = Debug|Any CPU
		{09CCA396-7884-4DD9-9D60-AA6F483A28DA}.Debug|ARM.Build.0 = Debug|Any CPU
		{09CCA396-7884-4DD9-9D60-AA6F483A28DA}.Debug|ARM64.ActiveCfg = Debug|Any CPU
		{09CCA396-7884-4DD9-9D60-AA6F483A28DA}.Debug|ARM64.Build.0 = Debug|Any CPU
		{09CCA396-7884-4DD9-9D60-AA6F483A28DA}.Debug|x64.ActiveCfg = Debug|Any CPU
		{09CCA396-7884-4DD9-9D60-AA6F483A28DA}.Debug|x64.Build.0 = Debug|Any CPU
		{09CCA396-7884-4DD9-9D60-AA6F483A28DA}.Debug|x86.ActiveCfg = Debug|Any CPU
		{09CCA396-7884-4DD9-9D60-AA6F483A28DA}.Debug|x86.Build.0 = Debug|Any CPU
		{09CCA396-7884-4DD9-9D60-AA6F483A28DA}.Release|Any CPU.ActiveCfg = Release|Any CPU
		{09CCA396-7884-4DD9-9D60-AA6F483A28DA}.Release|Any CPU.Build.0 = Release|Any CPU
		{09CCA396-7884-4DD9-9D60-AA6F483A28DA}.Release|ARM.ActiveCfg = Release|Any CPU
		{09CCA396-7884-4DD9-9D60-AA6F483A28DA}.Release|ARM.Build.0 = Release|Any CPU
		{09CCA396-7884-4DD9-9D60-AA6F483A28DA}.Release|ARM64.ActiveCfg = Release|Any CPU
		{09CCA396-7884-4DD9-9D60-AA6F483A28DA}.Release|ARM64.Build.0 = Release|Any CPU
		{09CCA396-7884-4DD9-9D60-AA6F483A28DA}.Release|x64.ActiveCfg = Release|Any CPU
		{09CCA396-7884-4DD9-9D60-AA6F483A28DA}.Release|x64.Build.0 = Release|Any CPU
		{09CCA396-7884-4DD9-9D60-AA6F483A28DA}.Release|x86.ActiveCfg = Release|Any CPU
		{09CCA396-7884-4DD9-9D60-AA6F483A28DA}.Release|x86.Build.0 = Release|Any CPU
	EndGlobalSection
	GlobalSection(SolutionProperties) = preSolution
		HideSolutionNode = FALSE
	EndGlobalSection
	GlobalSection(ExtensibilityGlobals) = postSolution
		SolutionGuid = {0FE8EA09-0017-479F-9030-F9A159B18D16}
	EndGlobalSection
EndGlobal
